
Microsoft Visual Studio Solution File, Format Version 12.00
# Visual Studio Version 17
VisualStudioVersion = 17.2.32602.215
MinimumVisualStudioVersion = 10.0.40219.1
Project("{FAE04EC0-301F-11D3-BF4B-00C04F79EFBC}") = "CarrosAPI", "CarrosAPI\CarrosAPI.csproj", "{16AF3ECD-94AB-4590-82A2-DAFF41882081}"
EndProject
Global
	GlobalSection(SolutionConfigurationPlatforms) = preSolution
		Debug|Any CPU = Debug|Any CPU
		Release|Any CPU = Release|Any CPU
	EndGlobalSection
	GlobalSection(ProjectConfigurationPlatforms) = postSolution
		{16AF3ECD-94AB-4590-82A2-DAFF41882081}.Debug|Any CPU.ActiveCfg = Debug|Any CPU
		{16AF3ECD-94AB-4590-82A2-DAFF41882081}.Debug|Any CPU.Build.0 = Debug|Any CPU
		{16AF3ECD-94AB-4590-82A2-DAFF41882081}.Release|Any CPU.ActiveCfg = Release|Any CPU
		{16AF3ECD-94AB-4590-82A2-DAFF41882081}.Release|Any CPU.Build.0 = Release|Any CPU
	EndGlobalSection
	GlobalSection(SolutionProperties) = preSolution
		HideSolutionNode = FALSE
	EndGlobalSection
	GlobalSection(ExtensibilityGlobals) = postSolution
		SolutionGuid = {E4011888-10AE-4FC8-98E8-11C67C6314B2}
	EndGlobalSection
EndGlobal
